
Microsoft Visual Studio Solution File, Format Version 12.00
# Visual Studio Version 17
VisualStudioVersion = 17.7.34031.279
MinimumVisualStudioVersion = 10.0.40219.1
Project("{FAE04EC0-301F-11D3-BF4B-00C04F79EFBC}") = "lab_task", "lab_task\lab_task.csproj", "{746AA43F-1649-4BE0-9F08-4F140ABE3ADC}"
EndProject
Global
	GlobalSection(SolutionConfigurationPlatforms) = preSolution
		Debug|Any CPU = Debug|Any CPU
		Release|Any CPU = Release|Any CPU
	EndGlobalSection
	GlobalSection(ProjectConfigurationPlatforms) = postSolution
		{746AA43F-1649-4BE0-9F08-4F140ABE3ADC}.Debug|Any CPU.ActiveCfg = Debug|Any CPU
		{746AA43F-1649-4BE0-9F08-4F140ABE3ADC}.Debug|Any CPU.Build.0 = Debug|Any CPU
		{746AA43F-1649-4BE0-9F08-4F140ABE3ADC}.Release|Any CPU.ActiveCfg = Release|Any CPU
		{746AA43F-1649-4BE0-9F08-4F140ABE3ADC}.Release|Any CPU.Build.0 = Release|Any CPU
	EndGlobalSection
	GlobalSection(SolutionProperties) = preSolution
		HideSolutionNode = FALSE
	EndGlobalSection
	GlobalSection(ExtensibilityGlobals) = postSolution
		SolutionGuid = {512DF12C-9D10-4D67-B5BC-9A1D90A42D17}
	EndGlobalSection
EndGlobal
